
Microsoft Visual Studio Solution File, Format Version 12.00
# Visual Studio Version 17
VisualStudioVersion = 17.5.002.0
MinimumVisualStudioVersion = 10.0.40219.1
Project("{9A19103F-16F7-4668-BE54-9A1E7A4F7556}") = "send", "send\send.csproj", "{E1CC5381-408D-4BD3-873D-24EFDA1C6D97}"
EndProject
Project("{9A19103F-16F7-4668-BE54-9A1E7A4F7556}") = "receive", "receive\receive.csproj", "{7CA7E5D9-FB97-4F18-BF79-2023B9C8DB72}"
EndProject
Global
	GlobalSection(SolutionConfigurationPlatforms) = preSolution
		Debug|Any CPU = Debug|Any CPU
		Release|Any CPU = Release|Any CPU
	EndGlobalSection
	GlobalSection(ProjectConfigurationPlatforms) = postSolution
		{E1CC5381-408D-4BD3-873D-24EFDA1C6D97}.Debug|Any CPU.ActiveCfg = Debug|Any CPU
		{E1CC5381-408D-4BD3-873D-24EFDA1C6D97}.Debug|Any CPU.Build.0 = Debug|Any CPU
		{E1CC5381-408D-4BD3-873D-24EFDA1C6D97}.Release|Any CPU.ActiveCfg = Release|Any CPU
		{E1CC5381-408D-4BD3-873D-24EFDA1C6D97}.Release|Any CPU.Build.0 = Release|Any CPU
		{7CA7E5D9-FB97-4F18-BF79-2023B9C8DB72}.Debug|Any CPU.ActiveCfg = Debug|Any CPU
		{7CA7E5D9-FB97-4F18-BF79-2023B9C8DB72}.Debug|Any CPU.Build.0 = Debug|Any CPU
		{7CA7E5D9-FB97-4F18-BF79-2023B9C8DB72}.Release|Any CPU.ActiveCfg = Release|Any CPU
		{7CA7E5D9-FB97-4F18-BF79-2023B9C8DB72}.Release|Any CPU.Build.0 = Release|Any CPU
	EndGlobalSection
	GlobalSection(SolutionProperties) = preSolution
		HideSolutionNode = FALSE
	EndGlobalSection
	GlobalSection(ExtensibilityGlobals) = postSolution
		SolutionGuid = {F1D56A7B-9F3B-4395-9965-428FF6FAB5DF}
	EndGlobalSection
EndGlobal
